github.com/freddygv/consul-getting-started/hello-client v0.0.0-20190818052728-eca787ec42a2 h1:rYqoZCxQ3jLDYmGnHAVclcBJ+y3ekbecKkwOrtB5Wwk=
github.com/freddygv/consul-getting-started/hello-client v0.0.0-20190818052728-eca787ec42a2/go.mod h1:lZwBoB/4ogHcYfOobxuxX7NHEeeNBMIwdK83UkO/SXo=
github.com/freddygv/consul-getting-started/hello-http v0.0.0-20190818060338-ad9f57165e4f h1:BXhrdv699bqQ3tAf06WjP9Dz7bkYnT/D8Dd3IG5ATw0=
github.com/freddygv/consul-getting-started/hello-http v0.0.0-20190818060338-ad9f57165e4f/go.mod h1:w11CKeDh09HWEfe1Fz7sB9DJ5WIkyExmbJmpnP+xvUg=
github.com/freddygv/consul-getting-started/hello-ttl v0.0.0-20190817235529-05742a19b591 h1:a0IeXnfL/6QUwrmcsmDJEmUWTm3e6qyEjSZyg5ldQgA=
github.com/freddygv/consul-getting-started/hello-ttl v0.0.0-20190817235529-05742a19b591/go.mod h1:y7K3bW1IU83XgyyiKr2CxdyGDaSocU2Jyup8mARPqXQ=
github.com/matryer/way v0.0.0-20180416093233-9632d0c407b0 h1:KWiqy3hl8yCUPAq1frD0DKXKyn7d9h2nVhj2r5ISq2o=
github.com/matryer/way v0.0.0-20180416093233-9632d0c407b0/go.mod h1:stiJZfMq1xZPqvIyt2VsYMgLul8vf1nmL0D3KU70dEc=
github.com/miekg/dns v1.1.16 h1:iMEQ/IVHxPTtx2Q07JP/k4CKRvSjiAZjZ0hnhgYEDmE=
github.com/miekg/dns v1.1.16/go.mod h1:YNV562EiewvSmpCB6/W4c6yqjK7Z+M/aIS1JHsIVeg8=
golang.org/x/crypto v0.0.0-20181001203147-e3636079e1a4 h1:Vk3wNqEZwyGyei9yq5ekj7frek2u7HUfffJ1/opblzc=
golang.org/x/crypto v0.0.0-20181001203147-e3636079e1a4/go.mod h1:6SG95UA2DQfeDnfUPMdvaQW0Q7yPrPDi9nlGo2tz2b4=
golang.org/x/net v0.0.0-20180926154720-4dfa2610cdf3 h1:dgd4x4kJt7G4k4m93AYLzM8Ni6h2qLTfh9n9vXJT3/0=
golang.org/x/net v0.0.0-20180926154720-4dfa2610cdf3/go.mod h1:mL1N/T3taQHkDXs73rZJwtUhF3w3ftmwwsq0BUmARs4=
golang.org/x/sync v0.0.0-20180314180146-1d60e4601c6f/go.mod h1:RxMgew5VJxzue5/jJTE5uejpjVlOe/izrB70Jof72aM=
golang.org/x/sys v0.0.0-20180928133829-e4b3c5e90611 h1:O33LKL7WyJgjN9CvxfTIomjIClbd/Kq86/iipowHQU0=
golang.org/x/sys v0.0.0-20180928133829-e4b3c5e90611/go.mod h1:STP8DvDyc/dI5b8T5hshtkjS+E42TnysNCUPdjciGhY=
golang.org/x/time v0.0.0-20190308202827-9d24e82272b4 h1:SvFZT6jyqRaOeXpc5h/JSfZenJ2O330aBsf7JfSUXmQ=
golang.org/x/time v0.0.0-20190308202827-9d24e82272b4/go.mod h1:tRJNPiyCQ0inRvYxbN9jk5I+vvW/OXSQhTDSoE431IQ=
